<Solution>
  <Folder Name="/src/">
    <Project Path="src/ProductCatalog.Api/ProductCatalog.Api.csproj" />
  </Folder>
  <Folder Name="/tests/">
    <Project Path="tests/ProductCatalog.BddTests/ProductCatalog.BddTests.csproj" />
    <Project Path="tests/ProductCatalog.UnitTests/ProductCatalog.UnitTests.csproj" />
  </Folder>
</Solution>
